
Microsoft Visual Studio Solution File, Format Version 12.00
# Visual Studio Version 17
VisualStudioVersion = 17.10.35122.118
MinimumVisualStudioVersion = 10.0.40219.1
Project("{9A19103F-16F7-4668-BE54-9A1E7A4F7556}") = "WonDay", "WonDay.csproj", "{E0A336D1-250E-48F6-BD41-21BC136289DA}"
EndProject
Global
	GlobalSection(SolutionConfigurationPlatforms) = preSolution
		Debug|Any CPU = Debug|Any CPU
		Release|Any CPU = Release|Any CPU
	EndGlobalSection
	GlobalSection(ProjectConfigurationPlatforms) = postSolution
		{E0A336D1-250E-48F6-BD41-21BC136289DA}.Debug|Any CPU.ActiveCfg = Debug|Any CPU
		{E0A336D1-250E-48F6-BD41-21BC136289DA}.Debug|Any CPU.Build.0 = Debug|Any CPU
		{E0A336D1-250E-48F6-BD41-21BC136289DA}.Release|Any CPU.ActiveCfg = Release|Any CPU
		{E0A336D1-250E-48F6-BD41-21BC136289DA}.Release|Any CPU.Build.0 = Release|Any CPU
	EndGlobalSection
	GlobalSection(SolutionProperties) = preSolution
		HideSolutionNode = FALSE
	EndGlobalSection
	GlobalSection(ExtensibilityGlobals) = postSolution
		SolutionGuid = {4FC3ABB7-041D-440E-8AF4-7532B1510B9D}
	EndGlobalSection
EndGlobal
